// !$*UTF8*$!
{
	archiveVersion = 1;
	classes = {
	};
	objectVersion = 46;
	objects = {

/* Begin PBXBuildFile section */
		657C4BFD1C4A63B700B95CD8 /* AppDelegate.swift in Sources */ = {isa = PBXBuildFile; fileRef = 657C4BFC1C4A63B700B95CD8 /* AppDelegate.swift */; };
		657C4BFF1C4A63B700B95CD8 /* ViewController.swift in Sources */ = {isa = PBXBuildFile; fileRef = 657C4BFE1C4A63B700B95CD8 /* ViewController.swift */; };
		657C4C021C4A63B700B95CD8 /* Main.storyboard in Resources */ = {isa = PBXBuildFile; fileRef = 657C4C001C4A63B700B95CD8 /* Main.storyboard */; };
		657C4C041C4A63B700B95CD8 /* Assets.xcassets in Resources */ = {isa = PBXBuildFile; fileRef = 657C4C031C4A63B700B95CD8 /* Assets.xcassets */; };
		657C4C071C4A63B700B95CD8 /* LaunchScreen.storyboard in Resources */ = {isa = PBXBuildFile; fileRef = 657C4C051C4A63B700B95CD8 /* LaunchScreen.storyboard */; };
/* End PBXBuildFile section */

/* Begin PBXFileReference section */
		657C4BF91C4A63B700B95CD8 /* Libro.app */ = {isa = PBXFileReference; explicitFileType = wrapper.application; includeInIndex = 0; path = Libro.app; sourceTree = BUILT_PRODUCTS_DIR; };
		657C4BFC1C4A63B700B95CD8 /* AppDelegate.swift */ = {isa = PBXFileReference; lastKnownFileType = sourcecode.swift; path = AppDelegate.swift; sourceTree = "<group>"; };
		657C4BFE1C4A63B700B95CD8 /* ViewController.swift */ = {isa = PBXFileReference; lastKnownFileType = sourcecode.swift; path = ViewController.swift; sourceTree = "<group>"; };
		657C4C011C4A63B700B95CD8 /* Base */ = {isa = PBXFileReference; lastKnownFileType = file.storyboard; name = Base; path = Base.lproj/Main.storyboard; sourceTree = "<group>"; };
		657C4C031C4A63B700B95CD8 /* Assets.xcassets */ = {isa = PBXFileReference; lastKnownFileType = folder.assetcatalog; path = Assets.xcassets; sourceTree = "<group>"; };
		657C4C061C4A63B700B95CD8 /* Base */ = {isa = PBXFileReference; lastKnownFileType = file.storyboard; name = Base; path = Base.lproj/LaunchScreen.storyboard; sourceTree = "<group>"; };
		657C4C081C4A63B700B95CD8 /* Info.plist */ = {isa = PBXFileReference; lastKnownFileType = text.plist.xml; path = Info.plist; sourceTree = "<group>"; };
/* End PBXFileReference section */

/* Begin PBXFrameworksBuildPhase section */
		657C4BF61C4A63B700B95CD8 /* Frameworks */ = {
			isa = PBXFrameworksBuildPhase;
			buildActionMask = 2147483647;
			files = (
			);
			runOnlyForDeploymentPostprocessing = 0;
		};
/* End PBXFrameworksBuildPhase section */

/* Begin PBXGroup section */
		657C4BF01C4A63B700B95CD8 = {
			isa = PBXGroup;
			children = (
				657C4BFB1C4A63B700B95CD8 /* Libro */,
				657C4BFA1C4A63B700B95CD8 /* Products */,
			);
			sourceTree = "<group>";
		};
		657C4BFA1C4A63B700B95CD8 /* Products */ = {
			isa = PBXGroup;
			children = (
				657C4BF91C4A63B700B95CD8 /* Libro.app */,
			);
			name = Products;
			sourceTree = "<group>";
		};
		657C4BFB1C4A63B700B95CD8 /* Libro */ = {
			isa = PBXGroup;
			children = (
				657C4BFC1C4A63B700B95CD8 /* AppDelegate.swift */,
				657C4BFE1C4A63B700B95CD8 /* ViewController.swift */,
				657C4C001C4A63B700B95CD8 /* Main.storyboard */,
				657C4C031C4A63B700B95CD8 /* Assets.xcassets */,
				657C4C051C4A63B700B95CD8 /* LaunchScreen.storyboard */,
				657C4C081C4A63B700B95CD8 /* Info.plist */,
			);
			path = Libro;
			sourceTree = "<group>";
		};
/* End PBXGroup section */

/* Begin PBXNativeTarget section */
		657C4BF81C4A63B700B95CD8 /* Libro */ = {
			isa = PBXNativeTarget;
			buildConfigurationList = 657C4C0B1C4A63B700B95CD8 /* Build configuration list for PBXNativeTarget "Libro" */;
			buildPhases = (
				657C4BF51C4A63B700B95CD8 /* Sources */,
				657C4BF61C4A63B700B95CD8 /* Frameworks */,
				657C4BF71C4A63B700B95CD8 /* Resources */,
			);
			buildRules = (
			);
			dependencies = (
			);
			name = Libro;
			productName = Libro;
			productReference = 657C4BF91C4A63B700B95CD8 /* Libro.app */;
			productType = "com.apple.product-type.application";
		};
/* End PBXNativeTarget section */

/* Begin PBXProject section */
		657C4BF11C4A63B700B95CD8 /* Project object */ = {
			isa = PBXProject;
			attributes = {
				LastSwiftUpdateCheck = 0720;
				LastUpgradeCheck = 0720;
				ORGANIZATIONNAME = "Daniel Rodríguez Pérez";
				TargetAttributes = {
					657C4BF81C4A63B700B95CD8 = {
						CreatedOnToolsVersion = 7.2;
						DevelopmentTeam = 7Q596D6FZC;
					};
				};
			};
			buildConfigurationList = 657C4BF41C4A63B700B95CD8 /* Build configuration list for PBXProject "Libro" */;
			compatibilityVersion = "Xcode 3.2";
			developmentRegion = English;
			hasScannedForEncodings = 0;
			knownRegions = (
				en,
				Base,
			);
			mainGroup = 657C4BF01C4A63B700B95CD8;
			productRefGroup = 657C4BFA1C4A63B700B95CD8 /* Products */;
			projectDirPath = "";
			projectRoot = "";
			targets = (
				657C4BF81C4A63B700B95CD8 /* Libro */,
			);
		};
/* End PBXProject section */

/* Begin PBXResourcesBuildPhase section */
		657C4BF71C4A63B700B95CD8 /* Resources */ = {
			isa = PBXResourcesBuildPhase;
			buildActionMask = 2147483647;
			files = (
				657C4C071C4A63B700B95CD8 /* LaunchScreen.storyboard in Resources */,
				657C4C041C4A63B700B95CD8 /* Assets.xcassets in Resources */,
				657C4C021C4A63B700B95CD8 /* Main.storyboard in Resources */,
			);
			runOnlyForDeploymentPostprocessing = 0;
		};
/* End PBXResourcesBuildPhase section */

/* Begin PBXSourcesBuildPhase section */
		657C4BF51C4A63B700B95CD8 /* Sources */ = {
			isa = PBXSourcesBuildPhase;
			buildActionMask = 2147483647;
			files = (
				657C4BFF1C4A63B700B95CD8 /* ViewController.swift in Sources */,
				657C4BFD1C4A63B700B95CD8 /* AppDelegate.swift in Sources */,
			);
			runOnlyForDeploymentPostprocessing = 0;
		};
/* End PBXSourcesBuildPhase section */

/* Begin PBXVariantGroup section */
		657C4C001C4A63B700B95CD8 /* Main.storyboard */ = {
			isa = PBXVariantGroup;
			children = (
				657C4C011C4A63B700B95CD8 /* Base */,
			);
			name = Main.storyboard;
			sourceTree = "<group>";
		};
		657C4C051C4A63B700B95CD8 /* LaunchScreen.storyboard */ = {
			isa = PBXVariantGroup;
			children = (
				657C4C061C4A63B700B95CD8 /* Base */,
			);
			name = LaunchScreen.storyboard;
			sourceTree = "<group>";
		};
/* End PBXVariantGroup section */

/* Begin XCBuildConfiguration section */
		657C4C091C4A63B700B95CD8 /* Debug */ = {
			isa = XCBuildConfiguration;
			buildSettings = {
				ALWAYS_SEARCH_USER_PATHS = NO;
				CLANG_CXX_LANGUAGE_STANDARD = "gnu++0x";
				CLANG_CXX_LIBRARY = "libc++";
				CLANG_ENABLE_MODULES = YES;
				CLANG_ENABLE_OBJC_ARC = YES;
				CLANG_WARN_BOOL_CONVERSION = YES;
				CLANG_WARN_CONSTANT_CONVERSION = YES;
				CLANG_WARN_DIRECT_OBJC_ISA_USAGE = YES_ERROR;
				CLANG_WARN_EMPTY_BODY = YES;
				CLANG_WARN_ENUM_CONVERSION = YES;
				CLANG_WARN_INT_CONVERSION = YES;
				CLANG_WARN_OBJC_ROOT_CLASS = YES_ERROR;
				CLANG_WARN_UNREACHABLE_CODE = YES;
				CLANG_WARN__DUPLICATE_METHOD_MATCH = YES;
				"CODE_SIGN_IDENTITY[sdk=iphoneos*]" = "iPhone Developer";
				COPY_PHASE_STRIP = NO;
				DEBUG_INFORMATION_FORMAT = dwarf;
				ENABLE_STRICT_OBJC_MSGSEND = YES;
				ENABLE_TESTABILITY = YES;
				GCC_C_LANGUAGE_STANDARD = gnu99;
				GCC_DYNAMIC_NO_PIC = NO;
				GCC_NO_COMMON_BLOCKS = YES;
				GCC_OPTIMIZATION_LEVEL = 0;
				GCC_PREPROCESSOR_DEFINITIONS = (
					"DEBUG=1",
					"$(inherited)",
				);
				GCC_WARN_64_TO_32_BIT_CONVERSION = YES;
				GCC_WARN_ABOUT_RETURN_TYPE = YES_ERROR;
				GCC_WARN_UNDECLARED_SELECTOR = YES;
				GCC_WARN_UNINITIALIZED_AUTOS = YES_AGGRESSIVE;
				GCC_WARN_UNUSED_FUNCTION = YES;
				GCC_WARN_UNUSED_VARIABLE = YES;
				IPHONEOS_DEPLOYMENT_TARGET = 9.2;
				MTL_ENABLE_DEBUG_INFO = YES;
				ONLY_ACTIVE_ARCH = YES;
				SDKROOT = iphoneos;
				SWIFT_OPTIMIZATION_LEVEL = "-Onone";
			};
			name = Debug;
		};
		657C4C0A1C4A63B700B95CD8 /* Release */ = {
			isa = XCBuildConfiguration;
			buildSettings = {
				ALWAYS_SEARCH_USER_PATHS = NO;
				CLANG_CXX_LANGUAGE_STANDARD = "gnu++0x";
				CLANG_CXX_LIBRARY = "libc++";
				CLANG_ENABLE_MODULES = YES;
				CLANG_ENABLE_OBJC_ARC = YES;
				CLANG_WARN_BOOL_CONVERSION = YES;
				CLANG_WARN_CONSTANT_CONVERSION = YES;
				CLANG_WARN_DIRECT_OBJC_ISA_USAGE = YES_ERROR;
				CLANG_WARN_EMPTY_BODY = YES;
				CLANG_WARN_ENUM_CONVERSION = YES;
				CLANG_WARN_INT_CONVERSION = YES;
				CLANG_WARN_OBJC_ROOT_CLASS = YES_ERROR;
				CLANG_WARN_UNREACHABLE_CODE = YES;
				CLANG_WARN__DUPLICATE_METHOD_MATCH = YES;
				"CODE_SIGN_IDENTITY[sdk=iphoneos*]" = "iPhone Developer";
				COPY_PHASE_STRIP = NO;
				DEBUG_INFORMATION_FORMAT = "dwarf-with-dsym";
				ENABLE_NS_ASSERTIONS = NO;
				ENABLE_STRICT_OBJC_MSGSEND = YES;
				GCC_C_LANGUAGE_STANDARD = gnu99;
				GCC_NO_COMMON_BLOCKS = YES;
				GCC_WARN_64_TO_32_BIT_CONVERSION = YES;
				GCC_WARN_ABOUT_RETURN_TYPE = YES_ERROR;
				GCC_WARN_UNDECLARED_SELECTOR = YES;
				GCC_WARN_UNINITIALIZED_AUTOS = YES_AGGRESSIVE;
				GCC_WARN_UNUSED_FUNCTION = YES;
				GCC_WARN_UNUSED_VARIABLE = YES;
				IPHONEOS_DEPLOYMENT_TARGET = 9.2;
				MTL_ENABLE_DEBUG_INFO = NO;
				SDKROOT = iphoneos;
				VALIDATE_PRODUCT = YES;
			};
			name = Release;
		};
		657C4C0C1C4A63B700B95CD8 /* Debug */ = {
			isa = XCBuildConfiguration;
			buildSettings = {
				ASSETCATALOG_COMPILER_APPICON_NAME = AppIcon;
				INFOPLIST_FILE = Libro/Info.plist;
				LD_RUNPATH_SEARCH_PATHS = "$(inherited) @executable_path/Frameworks";
				PRODUCT_BUNDLE_IDENTIFIER = daniel.rodriguez.Libro;
				PRODUCT_NAME = "$(TARGET_NAME)";
			};
			name = Debug;
		};
		657C4C0D1C4A63B700B95CD8 /* Release */ = {
			isa = XCBuildConfiguration;
			buildSettings = {
				ASSETCATALOG_COMPILER_APPICON_NAME = AppIcon;
				INFOPLIST_FILE = Libro/Info.plist;
				LD_RUNPATH_SEARCH_PATHS = "$(inherited) @executable_path/Frameworks";
				PRODUCT_BUNDLE_IDENTIFIER = daniel.rodriguez.Libro;
				PRODUCT_NAME = "$(TARGET_NAME)";
			};
			name = Release;
		};
/* End XCBuildConfiguration section */

/* Begin XCConfigurationList section */
		657C4BF41C4A63B700B95CD8 /* Build configuration list for PBXProject "Libro" */ = {
			isa = XCConfigurationList;
			buildConfigurations = (
				657C4C091C4A63B700B95CD8 /* Debug */,
				657C4C0A1C4A63B700B95CD8 /* Release */,
			);
			defaultConfigurationIsVisible = 0;
			defaultConfigurationName = Release;
		};
		657C4C0B1C4A63B700B95CD8 /* Build configuration list for PBXNativeTarget "Libro" */ = {
			isa = XCConfigurationList;
			buildConfigurations = (
				657C4C0C1C4A63B700B95CD8 /* Debug */,
				657C4C0D1C4A63B700B95CD8 /* Release */,
			);
			defaultConfigurationIsVisible = 0;
		};
/* End XCConfigurationList section */
	};
	rootObject = 657C4BF11C4A63B700B95CD8 /* Project object */;
}
